
Microsoft Visual Studio Solution File, Format Version 12.00
# Visual Studio Version 17
VisualStudioVersion = 17.14.36301.6 d17.14
MinimumVisualStudioVersion = 10.0.40219.1
Project("{FAE04EC0-301F-11D3-BF4B-00C04F79EFBC}") = "ПРОЕКТ. 4 в ряд", "ПРОЕКТ. 4 в ряд.csproj", "{9A6F9130-F063-41C4-AC16-E3FF9F405895}"
EndProject
Global
	GlobalSection(SolutionConfigurationPlatforms) = preSolution
		Debug|Any CPU = Debug|Any CPU
		Release|Any CPU = Release|Any CPU
	EndGlobalSection
	GlobalSection(ProjectConfigurationPlatforms) = postSolution
		{9A6F9130-F063-41C4-AC16-E3FF9F405895}.Debug|Any CPU.ActiveCfg = Debug|Any CPU
		{9A6F9130-F063-41C4-AC16-E3FF9F405895}.Debug|Any CPU.Build.0 = Debug|Any CPU
		{9A6F9130-F063-41C4-AC16-E3FF9F405895}.Release|Any CPU.ActiveCfg = Release|Any CPU
		{9A6F9130-F063-41C4-AC16-E3FF9F405895}.Release|Any CPU.Build.0 = Release|Any CPU
	EndGlobalSection
	GlobalSection(SolutionProperties) = preSolution
		HideSolutionNode = FALSE
	EndGlobalSection
	GlobalSection(ExtensibilityGlobals) = postSolution
		SolutionGuid = {704C7E76-5511-4DD5-93B8-58EDAF45D841}
	EndGlobalSection
EndGlobal
